
Microsoft Visual Studio Solution File, Format Version 12.00
# Visual Studio Version 17
VisualStudioVersion = 17.14.36414.22
MinimumVisualStudioVersion = 10.0.40219.1
Project("{2150E333-8FDC-42A3-9474-1A3956D46DE8}") = "Habits", "Habits", "{02EA681E-C7D8-13C7-8484-4AC65E1B71E8}"
EndProject
Project("{2150E333-8FDC-42A3-9474-1A3956D46DE8}") = "Identity", "Identity", "{7D91D507-391E-43C5-9599-B49E0A986852}"
EndProject
Project("{2150E333-8FDC-42A3-9474-1A3956D46DE8}") = "Core", "Core", "{16C6E199-9751-4451-85F6-4420557FC67A}"
EndProject
Project("{2150E333-8FDC-42A3-9474-1A3956D46DE8}") = "Scheduling", "Scheduling", "{C142850A-DD85-41E6-B9CA-271B41F836D9}"
EndProject
Project("{2150E333-8FDC-42A3-9474-1A3956D46DE8}") = "Tracking", "Tracking", "{E27046DB-96BB-4BE8-A8B8-6EBF33ECFFD5}"
EndProject
Project("{FAE04EC0-301F-11D3-BF4B-00C04F79EFBC}") = "HabitTracker.Habits.Domain", "src\HabitTracker.Habits.Domain\HabitTracker.Habits.Domain.csproj", "{ED429883-6319-A4C0-C706-06CF656F9387}"
EndProject
Project("{FAE04EC0-301F-11D3-BF4B-00C04F79EFBC}") = "HabitTracker.Core", "src\HabitTracker.Core\HabitTracker.Core.csproj", "{626C5330-A083-DA12-B192-2AC5F8AFA808}"
EndProject
Project("{2150E333-8FDC-42A3-9474-1A3956D46DE8}") = "Tests", "Tests", "{95FBC467-9B1A-4153-AF03-1584E7A326EA}"
EndProject
Project("{FAE04EC0-301F-11D3-BF4B-00C04F79EFBC}") = "HabitTracker.Habits.Domain.Tests", "tests\HabitTracker.Habits.Domain.Tests\HabitTracker.Habits.Domain.Tests.csproj", "{422E4964-A986-4FEC-9F68-5EFEFD36C252}"
EndProject
Global
	GlobalSection(SolutionConfigurationPlatforms) = preSolution
		Debug|Any CPU = Debug|Any CPU
		Release|Any CPU = Release|Any CPU
	EndGlobalSection
	GlobalSection(ProjectConfigurationPlatforms) = postSolution
		{ED429883-6319-A4C0-C706-06CF656F9387}.Debug|Any CPU.ActiveCfg = Debug|Any CPU
		{ED429883-6319-A4C0-C706-06CF656F9387}.Debug|Any CPU.Build.0 = Debug|Any CPU
		{ED429883-6319-A4C0-C706-06CF656F9387}.Release|Any CPU.ActiveCfg = Release|Any CPU
		{ED429883-6319-A4C0-C706-06CF656F9387}.Release|Any CPU.Build.0 = Release|Any CPU
		{626C5330-A083-DA12-B192-2AC5F8AFA808}.Debug|Any CPU.ActiveCfg = Debug|Any CPU
		{626C5330-A083-DA12-B192-2AC5F8AFA808}.Debug|Any CPU.Build.0 = Debug|Any CPU
		{626C5330-A083-DA12-B192-2AC5F8AFA808}.Release|Any CPU.ActiveCfg = Release|Any CPU
		{626C5330-A083-DA12-B192-2AC5F8AFA808}.Release|Any CPU.Build.0 = Release|Any CPU
		{422E4964-A986-4FEC-9F68-5EFEFD36C252}.Debug|Any CPU.ActiveCfg = Debug|Any CPU
		{422E4964-A986-4FEC-9F68-5EFEFD36C252}.Debug|Any CPU.Build.0 = Debug|Any CPU
		{422E4964-A986-4FEC-9F68-5EFEFD36C252}.Release|Any CPU.ActiveCfg = Release|Any CPU
		{422E4964-A986-4FEC-9F68-5EFEFD36C252}.Release|Any CPU.Build.0 = Release|Any CPU
	EndGlobalSection
	GlobalSection(SolutionProperties) = preSolution
		HideSolutionNode = FALSE
	EndGlobalSection
	GlobalSection(NestedProjects) = preSolution
		{ED429883-6319-A4C0-C706-06CF656F9387} = {02EA681E-C7D8-13C7-8484-4AC65E1B71E8}
		{626C5330-A083-DA12-B192-2AC5F8AFA808} = {16C6E199-9751-4451-85F6-4420557FC67A}
		{95FBC467-9B1A-4153-AF03-1584E7A326EA} = {02EA681E-C7D8-13C7-8484-4AC65E1B71E8}
		{422E4964-A986-4FEC-9F68-5EFEFD36C252} = {95FBC467-9B1A-4153-AF03-1584E7A326EA}
	EndGlobalSection
	GlobalSection(ExtensibilityGlobals) = postSolution
		SolutionGuid = {D7B4854F-35F0-496E-BA47-5797BC1DCC94}
	EndGlobalSection
EndGlobal
